
Microsoft Visual Studio Solution File, Format Version 12.00
# Visual Studio Version 17
VisualStudioVersion = 17.3.32825.248
MinimumVisualStudioVersion = 10.0.40219.1
Project("{FAE04EC0-301F-11D3-BF4B-00C04F79EFBC}") = "R9IOPN_HFT_2023241.Client", "R9IOPN_HFT_2023241.Client\R9IOPN_HFT_2023241.Client.csproj", "{1F0C1E3E-B7D0-43A3-86B9-55F00FBDEB91}"
EndProject
Project("{FAE04EC0-301F-11D3-BF4B-00C04F79EFBC}") = "R9IOPN_HFT_2023241.Models", "R9IOPN_HFT_2023241.Models\R9IOPN_HFT_2023241.Models.csproj", "{639980AD-7758-4825-9292-CFDEDB49BBCA}"
EndProject
Project("{FAE04EC0-301F-11D3-BF4B-00C04F79EFBC}") = "R9IOPN_HFT_2023241.Logic", "R9IOPN_HFT_2023241.Logic\R9IOPN_HFT_2023241.Logic.csproj", "{31D74EF8-C5C9-43A0-B8ED-2779DB1EB59D}"
EndProject
Project("{FAE04EC0-301F-11D3-BF4B-00C04F79EFBC}") = "R9IOPN_HFT_2023241.Repository", "R9IOPN_HFT_2023241.Repository\R9IOPN_HFT_2023241.Repository.csproj", "{BB2B6DBE-97EF-4EFA-9691-696064EC0A0E}"
EndProject
Project("{FAE04EC0-301F-11D3-BF4B-00C04F79EFBC}") = "R9IOPN_HFT_2023241.Endpoint", "R9IOPN_HFT_2023241.Endpoint\R9IOPN_HFT_2023241.Endpoint.csproj", "{85FA7ACA-9402-424F-94ED-996FDA257C7E}"
EndProject
Project("{FAE04EC0-301F-11D3-BF4B-00C04F79EFBC}") = "R9IOPN_HFT_2023241.Test", "R9IOPN_HFT_2023241.Test\R9IOPN_HFT_2023241.Test.csproj", "{F4BF112B-9139-4E9B-90B6-A014A53946D9}"
EndProject
Project("{2150E333-8FDC-42A3-9474-1A3956D46DE8}") = "Backend", "Backend", "{57967D5A-17E9-4EC1-89A4-BD85EF0B89F5}"
EndProject
Project("{2150E333-8FDC-42A3-9474-1A3956D46DE8}") = "Frontend", "Frontend", "{79FCAE36-9838-4C3E-B622-A586DFFF6FD3}"
EndProject
Project("{2150E333-8FDC-42A3-9474-1A3956D46DE8}") = "Shared", "Shared", "{1ECE848A-3E56-4085-AADE-8098015A8394}"
EndProject
Project("{2150E333-8FDC-42A3-9474-1A3956D46DE8}") = "Others", "Others", "{710368F8-18C2-41DF-B2D9-72F7753D9E02}"
	ProjectSection(SolutionItems) = preProject
		.gitignore = .gitignore
	EndProjectSection
EndProject
Global
	GlobalSection(SolutionConfigurationPlatforms) = preSolution
		Debug|Any CPU = Debug|Any CPU
		Release|Any CPU = Release|Any CPU
	EndGlobalSection
	GlobalSection(ProjectConfigurationPlatforms) = postSolution
		{1F0C1E3E-B7D0-43A3-86B9-55F00FBDEB91}.Debug|Any CPU.ActiveCfg = Debug|Any CPU
		{1F0C1E3E-B7D0-43A3-86B9-55F00FBDEB91}.Debug|Any CPU.Build.0 = Debug|Any CPU
		{1F0C1E3E-B7D0-43A3-86B9-55F00FBDEB91}.Release|Any CPU.ActiveCfg = Release|Any CPU
		{1F0C1E3E-B7D0-43A3-86B9-55F00FBDEB91}.Release|Any CPU.Build.0 = Release|Any CPU
		{639980AD-7758-4825-9292-CFDEDB49BBCA}.Debug|Any CPU.ActiveCfg = Debug|Any CPU
		{639980AD-7758-4825-9292-CFDEDB49BBCA}.Debug|Any CPU.Build.0 = Debug|Any CPU
		{639980AD-7758-4825-9292-CFDEDB49BBCA}.Release|Any CPU.ActiveCfg = Release|Any CPU
		{639980AD-7758-4825-9292-CFDEDB49BBCA}.Release|Any CPU.Build.0 = Release|Any CPU
		{31D74EF8-C5C9-43A0-B8ED-2779DB1EB59D}.Debug|Any CPU.ActiveCfg = Debug|Any CPU
		{31D74EF8-C5C9-43A0-B8ED-2779DB1EB59D}.Debug|Any CPU.Build.0 = Debug|Any CPU
		{31D74EF8-C5C9-43A0-B8ED-2779DB1EB59D}.Release|Any CPU.ActiveCfg = Release|Any CPU
		{31D74EF8-C5C9-43A0-B8ED-2779DB1EB59D}.Release|Any CPU.Build.0 = Release|Any CPU
		{BB2B6DBE-97EF-4EFA-9691-696064EC0A0E}.Debug|Any CPU.ActiveCfg = Debug|Any CPU
		{BB2B6DBE-97EF-4EFA-9691-696064EC0A0E}.Debug|Any CPU.Build.0 = Debug|Any CPU
		{BB2B6DBE-97EF-4EFA-9691-696064EC0A0E}.Release|Any CPU.ActiveCfg = Release|Any CPU
		{BB2B6DBE-97EF-4EFA-9691-696064EC0A0E}.Release|Any CPU.Build.0 = Release|Any CPU
		{85FA7ACA-9402-424F-94ED-996FDA257C7E}.Debug|Any CPU.ActiveCfg = Debug|Any CPU
		{85FA7ACA-9402-424F-94ED-996FDA257C7E}.Debug|Any CPU.Build.0 = Debug|Any CPU
		{85FA7ACA-9402-424F-94ED-996FDA257C7E}.Release|Any CPU.ActiveCfg = Release|Any CPU
		{85FA7ACA-9402-424F-94ED-996FDA257C7E}.Release|Any CPU.Build.0 = Release|Any CPU
		{F4BF112B-9139-4E9B-90B6-A014A53946D9}.Debug|Any CPU.ActiveCfg = Debug|Any CPU
		{F4BF112B-9139-4E9B-90B6-A014A53946D9}.Debug|Any CPU.Build.0 = Debug|Any CPU
		{F4BF112B-9139-4E9B-90B6-A014A53946D9}.Release|Any CPU.ActiveCfg = Release|Any CPU
		{F4BF112B-9139-4E9B-90B6-A014A53946D9}.Release|Any CPU.Build.0 = Release|Any CPU
	EndGlobalSection
	GlobalSection(SolutionProperties) = preSolution
		HideSolutionNode = FALSE
	EndGlobalSection
	GlobalSection(NestedProjects) = preSolution
		{1F0C1E3E-B7D0-43A3-86B9-55F00FBDEB91} = {79FCAE36-9838-4C3E-B622-A586DFFF6FD3}
		{639980AD-7758-4825-9292-CFDEDB49BBCA} = {1ECE848A-3E56-4085-AADE-8098015A8394}
		{31D74EF8-C5C9-43A0-B8ED-2779DB1EB59D} = {57967D5A-17E9-4EC1-89A4-BD85EF0B89F5}
		{BB2B6DBE-97EF-4EFA-9691-696064EC0A0E} = {57967D5A-17E9-4EC1-89A4-BD85EF0B89F5}
		{85FA7ACA-9402-424F-94ED-996FDA257C7E} = {57967D5A-17E9-4EC1-89A4-BD85EF0B89F5}
		{F4BF112B-9139-4E9B-90B6-A014A53946D9} = {57967D5A-17E9-4EC1-89A4-BD85EF0B89F5}
	EndGlobalSection
	GlobalSection(ExtensibilityGlobals) = postSolution
		SolutionGuid = {206478B2-36A0-441E-B3B0-759F5C9A44CA}
	EndGlobalSection
EndGlobal
